// !$*UTF8*$!
{
	archiveVersion = 1;
	classes = {
	};
	objectVersion = 50;
	objects = {

/* Begin PBXBuildFile section */
		2357BB75241F209800FB94DF /* VStackAndHStack.swift in Sources */ = {isa = PBXBuildFile; fileRef = 2357BB74241F209800FB94DF /* VStackAndHStack.swift */; };
		2357BB77241F27F500FB94DF /* AlignmentAndSpacing.swift in Sources */ = {isa = PBXBuildFile; fileRef = 2357BB76241F27F500FB94DF /* AlignmentAndSpacing.swift */; };
		2357BB7B241F2D9800FB94DF /* ZStackView.swift in Sources */ = {isa = PBXBuildFile; fileRef = 2357BB7A241F2D9800FB94DF /* ZStackView.swift */; };
		2357BB7D241F2FE900FB94DF /* ZStackIndexView.swift in Sources */ = {isa = PBXBuildFile; fileRef = 2357BB7C241F2FE900FB94DF /* ZStackIndexView.swift */; };
		2357BB7F241F340F00FB94DF /* DifferentViewTypes.swift in Sources */ = {isa = PBXBuildFile; fileRef = 2357BB7E241F340F00FB94DF /* DifferentViewTypes.swift */; };
		2357BB81241F362D00FB94DF /* ViewsInLoopForEach.swift in Sources */ = {isa = PBXBuildFile; fileRef = 2357BB80241F362D00FB94DF /* ViewsInLoopForEach.swift */; };
		2357BB83241F3ADA00FB94DF /* CustomObjectViewLoopForEach.swift in Sources */ = {isa = PBXBuildFile; fileRef = 2357BB82241F3ADA00FB94DF /* CustomObjectViewLoopForEach.swift */; };
		2357BB85241F3FE400FB94DF /* CustomFrame.swift in Sources */ = {isa = PBXBuildFile; fileRef = 2357BB84241F3FE400FB94DF /* CustomFrame.swift */; };
		2357BB87241F44C400FB94DF /* GeometryReaderView.swift in Sources */ = {isa = PBXBuildFile; fileRef = 2357BB86241F44C400FB94DF /* GeometryReaderView.swift */; };
		2357BB89241F467100FB94DF /* ContentOutsideSafeArea.swift in Sources */ = {isa = PBXBuildFile; fileRef = 2357BB88241F467000FB94DF /* ContentOutsideSafeArea.swift */; };
		2357BB8B241F561F00FB94DF /* VStackScrolling.swift in Sources */ = {isa = PBXBuildFile; fileRef = 2357BB8A241F561F00FB94DF /* VStackScrolling.swift */; };
		2357BB8D241F657500FB94DF /* SecondContentView.swift in Sources */ = {isa = PBXBuildFile; fileRef = 2357BB8C241F657500FB94DF /* SecondContentView.swift */; };
		2357BB91241F67B000FB94DF /* CustomeGridStackView.swift in Sources */ = {isa = PBXBuildFile; fileRef = 2357BB90241F67B000FB94DF /* CustomeGridStackView.swift */; };
		2357BB93241F686C00FB94DF /* GridViewTest.swift in Sources */ = {isa = PBXBuildFile; fileRef = 2357BB92241F686C00FB94DF /* GridViewTest.swift */; };
		2357BB95241F6A2700FB94DF /* HStackScrolling.swift in Sources */ = {isa = PBXBuildFile; fileRef = 2357BB94241F6A2700FB94DF /* HStackScrolling.swift */; };
		23EB73F8241B9C3B00E45E95 /* AppDelegate.swift in Sources */ = {isa = PBXBuildFile; fileRef = 23EB73F7241B9C3B00E45E95 /* AppDelegate.swift */; };
		23EB73FA241B9C3B00E45E95 /* SceneDelegate.swift in Sources */ = {isa = PBXBuildFile; fileRef = 23EB73F9241B9C3B00E45E95 /* SceneDelegate.swift */; };
		23EB73FC241B9C3C00E45E95 /* ContentView.swift in Sources */ = {isa = PBXBuildFile; fileRef = 23EB73FB241B9C3C00E45E95 /* ContentView.swift */; };
		23EB73FE241B9C5600E45E95 /* Assets.xcassets in Resources */ = {isa = PBXBuildFile; fileRef = 23EB73FD241B9C5600E45E95 /* Assets.xcassets */; };
		23EB7401241B9C5600E45E95 /* Preview Assets.xcassets in Resources */ = {isa = PBXBuildFile; fileRef = 23EB7400241B9C5600E45E95 /* Preview Assets.xcassets */; };
		23EB7404241B9C5600E45E95 /* LaunchScreen.storyboard in Resources */ = {isa = PBXBuildFile; fileRef = 23EB7402241B9C5600E45E95 /* LaunchScreen.storyboard */; };
		23EB740F241B9C5600E45E95 /* SwiftUIViewLayoutTests.swift in Sources */ = {isa = PBXBuildFile; fileRef = 23EB740E241B9C5600E45E95 /* SwiftUIViewLayoutTests.swift */; };
		23EB741A241B9C5600E45E95 /* SwiftUIViewLayoutUITests.swift in Sources */ = {isa = PBXBuildFile; fileRef = 23EB7419241B9C5600E45E95 /* SwiftUIViewLayoutUITests.swift */; };
/* End PBXBuildFile section */

/* Begin PBXContainerItemProxy section */
		23EB740B241B9C5600E45E95 /* PBXContainerItemProxy */ = {
			isa = PBXContainerItemProxy;
			containerPortal = 23EB73EC241B9C3B00E45E95 /* Project object */;
			proxyType = 1;
			remoteGlobalIDString = 23EB73F3241B9C3B00E45E95;
			remoteInfo = SwiftUIViewLayout;
		};
		23EB7416241B9C5600E45E95 /* PBXContainerItemProxy */ = {
			isa = PBXContainerItemProxy;
			containerPortal = 23EB73EC241B9C3B00E45E95 /* Project object */;
			proxyType = 1;
			remoteGlobalIDString = 23EB73F3241B9C3B00E45E95;
			remoteInfo = SwiftUIViewLayout;
		};
/* End PBXContainerItemProxy section */

/* Begin PBXFileReference section */
		2357BB74241F209800FB94DF /* VStackAndHStack.swift */ = {isa = PBXFileReference; lastKnownFileType = sourcecode.swift; path = VStackAndHStack.swift; sourceTree = "<group>"; };
		2357BB76241F27F500FB94DF /* AlignmentAndSpacing.swift */ = {isa = PBXFileReference; lastKnownFileType = sourcecode.swift; path = AlignmentAndSpacing.swift; sourceTree = "<group>"; };
		2357BB7A241F2D9800FB94DF /* ZStackView.swift */ = {isa = PBXFileReference; lastKnownFileType = sourcecode.swift; path = ZStackView.swift; sourceTree = "<group>"; };
		2357BB7C241F2FE900FB94DF /* ZStackIndexView.swift */ = {isa = PBXFileReference; lastKnownFileType = sourcecode.swift; path = ZStackIndexView.swift; sourceTree = "<group>"; };
		2357BB7E241F340F00FB94DF /* DifferentViewTypes.swift */ = {isa = PBXFileReference; lastKnownFileType = sourcecode.swift; path = DifferentViewTypes.swift; sourceTree = "<group>"; };
		2357BB80241F362D00FB94DF /* ViewsInLoopForEach.swift */ = {isa = PBXFileReference; lastKnownFileType = sourcecode.swift; path = ViewsInLoopForEach.swift; sourceTree = "<group>"; };
		2357BB82241F3ADA00FB94DF /* CustomObjectViewLoopForEach.swift */ = {isa = PBXFileReference; lastKnownFileType = sourcecode.swift; path = CustomObjectViewLoopForEach.swift; sourceTree = "<group>"; };
		2357BB84241F3FE400FB94DF /* CustomFrame.swift */ = {isa = PBXFileReference; lastKnownFileType = sourcecode.swift; path = CustomFrame.swift; sourceTree = "<group>"; };
		2357BB86241F44C400FB94DF /* GeometryReaderView.swift */ = {isa = PBXFileReference; lastKnownFileType = sourcecode.swift; path = GeometryReaderView.swift; sourceTree = "<group>"; };
		2357BB88241F467000FB94DF /* ContentOutsideSafeArea.swift */ = {isa = PBXFileReference; lastKnownFileType = sourcecode.swift; path = ContentOutsideSafeArea.swift; sourceTree = "<group>"; };
		2357BB8A241F561F00FB94DF /* VStackScrolling.swift */ = {isa = PBXFileReference; lastKnownFileType = sourcecode.swift; path = VStackScrolling.swift; sourceTree = "<group>"; };
		2357BB8C241F657500FB94DF /* SecondContentView.swift */ = {isa = PBXFileReference; lastKnownFileType = sourcecode.swift; path = SecondContentView.swift; sourceTree = "<group>"; };
		2357BB90241F67B000FB94DF /* CustomeGridStackView.swift */ = {isa = PBXFileReference; lastKnownFileType = sourcecode.swift; path = CustomeGridStackView.swift; sourceTree = "<group>"; };
		2357BB92241F686C00FB94DF /* GridViewTest.swift */ = {isa = PBXFileReference; lastKnownFileType = sourcecode.swift; path = GridViewTest.swift; sourceTree = "<group>"; };
		2357BB94241F6A2700FB94DF /* HStackScrolling.swift */ = {isa = PBXFileReference; lastKnownFileType = sourcecode.swift; path = HStackScrolling.swift; sourceTree = "<group>"; };
		23EB73F4241B9C3B00E45E95 /* SwiftUIViewLayout.app */ = {isa = PBXFileReference; explicitFileType = wrapper.application; includeInIndex = 0; path = SwiftUIViewLayout.app; sourceTree = BUILT_PRODUCTS_DIR; };
		23EB73F7241B9C3B00E45E95 /* AppDelegate.swift */ = {isa = PBXFileReference; lastKnownFileType = sourcecode.swift; path = AppDelegate.swift; sourceTree = "<group>"; };
		23EB73F9241B9C3B00E45E95 /* SceneDelegate.swift */ = {isa = PBXFileReference; lastKnownFileType = sourcecode.swift; path = SceneDelegate.swift; sourceTree = "<group>"; };
		23EB73FB241B9C3C00E45E95 /* ContentView.swift */ = {isa = PBXFileReference; lastKnownFileType = sourcecode.swift; path = ContentView.swift; sourceTree = "<group>"; };
		23EB73FD241B9C5600E45E95 /* Assets.xcassets */ = {isa = PBXFileReference; lastKnownFileType = folder.assetcatalog; path = Assets.xcassets; sourceTree = "<group>"; };
		23EB7400241B9C5600E45E95 /* Preview Assets.xcassets */ = {isa = PBXFileReference; lastKnownFileType = folder.assetcatalog; path = "Preview Assets.xcassets"; sourceTree = "<group>"; };
		23EB7403241B9C5600E45E95 /* Base */ = {isa = PBXFileReference; lastKnownFileType = file.storyboard; name = Base; path = Base.lproj/LaunchScreen.storyboard; sourceTree = "<group>"; };
		23EB7405241B9C5600E45E95 /* Info.plist */ = {isa = PBXFileReference; lastKnownFileType = text.plist.xml; path = Info.plist; sourceTree = "<group>"; };
		23EB740A241B9C5600E45E95 /* SwiftUIViewLayoutTests.xctest */ = {isa = PBXFileReference; explicitFileType = wrapper.cfbundle; includeInIndex = 0; path = SwiftUIViewLayoutTests.xctest; sourceTree = BUILT_PRODUCTS_DIR; };
		23EB740E241B9C5600E45E95 /* SwiftUIViewLayoutTests.swift */ = {isa = PBXFileReference; lastKnownFileType = sourcecode.swift; path = SwiftUIViewLayoutTests.swift; sourceTree = "<group>"; };
		23EB7410241B9C5600E45E95 /* Info.plist */ = {isa = PBXFileReference; lastKnownFileType = text.plist.xml; path = Info.plist; sourceTree = "<group>"; };
		23EB7415241B9C5600E45E95 /* SwiftUIViewLayoutUITests.xctest */ = {isa = PBXFileReference; explicitFileType = wrapper.cfbundle; includeInIndex = 0; path = SwiftUIViewLayoutUITests.xctest; sourceTree = BUILT_PRODUCTS_DIR; };
		23EB7419241B9C5600E45E95 /* SwiftUIViewLayoutUITests.swift */ = {isa = PBXFileReference; lastKnownFileType = sourcecode.swift; path = SwiftUIViewLayoutUITests.swift; sourceTree = "<group>"; };
		23EB741B241B9C5600E45E95 /* Info.plist */ = {isa = PBXFileReference; lastKnownFileType = text.plist.xml; path = Info.plist; sourceTree = "<group>"; };
/* End PBXFileReference section */

/* Begin PBXFrameworksBuildPhase section */
		23EB73F1241B9C3B00E45E95 /* Frameworks */ = {
			isa = PBXFrameworksBuildPhase;
			buildActionMask = 2147483647;
			files = (
			);
			runOnlyForDeploymentPostprocessing = 0;
		};
		23EB7407241B9C5600E45E95 /* Frameworks */ = {
			isa = PBXFrameworksBuildPhase;
			buildActionMask = 2147483647;
			files = (
			);
			runOnlyForDeploymentPostprocessing = 0;
		};
		23EB7412241B9C5600E45E95 /* Frameworks */ = {
			isa = PBXFrameworksBuildPhase;
			buildActionMask = 2147483647;
			files = (
			);
			runOnlyForDeploymentPostprocessing = 0;
		};
/* End PBXFrameworksBuildPhase section */

/* Begin PBXGroup section */
		23EB73EB241B9C3B00E45E95 = {
			isa = PBXGroup;
			children = (
				23EB73F6241B9C3B00E45E95 /* SwiftUIViewLayout */,
				23EB740D241B9C5600E45E95 /* SwiftUIViewLayoutTests */,
				23EB7418241B9C5600E45E95 /* SwiftUIViewLayoutUITests */,
				23EB73F5241B9C3B00E45E95 /* Products */,
			);
			sourceTree = "<group>";
		};
		23EB73F5241B9C3B00E45E95 /* Products */ = {
			isa = PBXGroup;
			children = (
				23EB73F4241B9C3B00E45E95 /* SwiftUIViewLayout.app */,
				23EB740A241B9C5600E45E95 /* SwiftUIViewLayoutTests.xctest */,
				23EB7415241B9C5600E45E95 /* SwiftUIViewLayoutUITests.xctest */,
			);
			name = Products;
			sourceTree = "<group>";
		};
		23EB73F6241B9C3B00E45E95 /* SwiftUIViewLayout */ = {
			isa = PBXGroup;
			children = (
				23EB73F7241B9C3B00E45E95 /* AppDelegate.swift */,
				23EB73F9241B9C3B00E45E95 /* SceneDelegate.swift */,
				23EB73FB241B9C3C00E45E95 /* ContentView.swift */,
				2357BB74241F209800FB94DF /* VStackAndHStack.swift */,
				2357BB7A241F2D9800FB94DF /* ZStackView.swift */,
				2357BB76241F27F500FB94DF /* AlignmentAndSpacing.swift */,
				2357BB84241F3FE400FB94DF /* CustomFrame.swift */,
				2357BB8A241F561F00FB94DF /* VStackScrolling.swift */,
				23EB73FD241B9C5600E45E95 /* Assets.xcassets */,
				23EB7402241B9C5600E45E95 /* LaunchScreen.storyboard */,
				23EB7405241B9C5600E45E95 /* Info.plist */,
				23EB73FF241B9C5600E45E95 /* Preview Content */,
				2357BB7C241F2FE900FB94DF /* ZStackIndexView.swift */,
				2357BB7E241F340F00FB94DF /* DifferentViewTypes.swift */,
				2357BB80241F362D00FB94DF /* ViewsInLoopForEach.swift */,
				2357BB82241F3ADA00FB94DF /* CustomObjectViewLoopForEach.swift */,
				2357BB86241F44C400FB94DF /* GeometryReaderView.swift */,
				2357BB88241F467000FB94DF /* ContentOutsideSafeArea.swift */,
				2357BB8C241F657500FB94DF /* SecondContentView.swift */,
				2357BB90241F67B000FB94DF /* CustomeGridStackView.swift */,
				2357BB92241F686C00FB94DF /* GridViewTest.swift */,
				2357BB94241F6A2700FB94DF /* HStackScrolling.swift */,
			);
			path = SwiftUIViewLayout;
			sourceTree = "<group>";
		};
		23EB73FF241B9C5600E45E95 /* Preview Content */ = {
			isa = PBXGroup;
			children = (
				23EB7400241B9C5600E45E95 /* Preview Assets.xcassets */,
			);
			path = "Preview Content";
			sourceTree = "<group>";
		};
		23EB740D241B9C5600E45E95 /* SwiftUIViewLayoutTests */ = {
			isa = PBXGroup;
			children = (
				23EB740E241B9C5600E45E95 /* SwiftUIViewLayoutTests.swift */,
				23EB7410241B9C5600E45E95 /* Info.plist */,
			);
			path = SwiftUIViewLayoutTests;
			sourceTree = "<group>";
		};
		23EB7418241B9C5600E45E95 /* SwiftUIViewLayoutUITests */ = {
			isa = PBXGroup;
			children = (
				23EB7419241B9C5600E45E95 /* SwiftUIViewLayoutUITests.swift */,
				23EB741B241B9C5600E45E95 /* Info.plist */,
			);
			path = SwiftUIViewLayoutUITests;
			sourceTree = "<group>";
		};
/* End PBXGroup section */

/* Begin PBXNativeTarget section */
		23EB73F3241B9C3B00E45E95 /* SwiftUIViewLayout */ = {
			isa = PBXNativeTarget;
			buildConfigurationList = 23EB741E241B9C5600E45E95 /* Build configuration list for PBXNativeTarget "SwiftUIViewLayout" */;
			buildPhases = (
				23EB73F0241B9C3B00E45E95 /* Sources */,
				23EB73F1241B9C3B00E45E95 /* Frameworks */,
				23EB73F2241B9C3B00E45E95 /* Resources */,
			);
			buildRules = (
			);
			dependencies = (
			);
			name = SwiftUIViewLayout;
			productName = SwiftUIViewLayout;
			productReference = 23EB73F4241B9C3B00E45E95 /* SwiftUIViewLayout.app */;
			productType = "com.apple.product-type.application";
		};
		23EB7409241B9C5600E45E95 /* SwiftUIViewLayoutTests */ = {
			isa = PBXNativeTarget;
			buildConfigurationList = 23EB7421241B9C5600E45E95 /* Build configuration list for PBXNativeTarget "SwiftUIViewLayoutTests" */;
			buildPhases = (
				23EB7406241B9C5600E45E95 /* Sources */,
				23EB7407241B9C5600E45E95 /* Frameworks */,
				23EB7408241B9C5600E45E95 /* Resources */,
			);
			buildRules = (
			);
			dependencies = (
				23EB740C241B9C5600E45E95 /* PBXTargetDependency */,
			);
			name = SwiftUIViewLayoutTests;
			productName = SwiftUIViewLayoutTests;
			productReference = 23EB740A241B9C5600E45E95 /* SwiftUIViewLayoutTests.xctest */;
			productType = "com.apple.product-type.bundle.unit-test";
		};
		23EB7414241B9C5600E45E95 /* SwiftUIViewLayoutUITests */ = {
			isa = PBXNativeTarget;
			buildConfigurationList = 23EB7424241B9C5600E45E95 /* Build configuration list for PBXNativeTarget "SwiftUIViewLayoutUITests" */;
			buildPhases = (
				23EB7411241B9C5600E45E95 /* Sources */,
				23EB7412241B9C5600E45E95 /* Frameworks */,
				23EB7413241B9C5600E45E95 /* Resources */,
			);
			buildRules = (
			);
			dependencies = (
				23EB7417241B9C5600E45E95 /* PBXTargetDependency */,
			);
			name = SwiftUIViewLayoutUITests;
			productName = SwiftUIViewLayoutUITests;
			productReference = 23EB7415241B9C5600E45E95 /* SwiftUIViewLayoutUITests.xctest */;
			productType = "com.apple.product-type.bundle.ui-testing";
		};
/* End PBXNativeTarget section */

/* Begin PBXProject section */
		23EB73EC241B9C3B00E45E95 /* Project object */ = {
			isa = PBXProject;
			attributes = {
				LastSwiftUpdateCheck = 1100;
				LastUpgradeCheck = 1100;
				ORGANIZATIONNAME = "Naw Su Su Nyein";
				TargetAttributes = {
					23EB73F3241B9C3B00E45E95 = {
						CreatedOnToolsVersion = 11.0;
					};
					23EB7409241B9C5600E45E95 = {
						CreatedOnToolsVersion = 11.0;
						TestTargetID = 23EB73F3241B9C3B00E45E95;
					};
					23EB7414241B9C5600E45E95 = {
						CreatedOnToolsVersion = 11.0;
						TestTargetID = 23EB73F3241B9C3B00E45E95;
					};
				};
			};
			buildConfigurationList = 23EB73EF241B9C3B00E45E95 /* Build configuration list for PBXProject "SwiftUIViewLayout" */;
			compatibilityVersion = "Xcode 9.3";
			developmentRegion = en;
			hasScannedForEncodings = 0;
			knownRegions = (
				en,
				Base,
			);
			mainGroup = 23EB73EB241B9C3B00E45E95;
			productRefGroup = 23EB73F5241B9C3B00E45E95 /* Products */;
			projectDirPath = "";
			projectRoot = "";
			targets = (
				23EB73F3241B9C3B00E45E95 /* SwiftUIViewLayout */,
				23EB7409241B9C5600E45E95 /* SwiftUIViewLayoutTests */,
				23EB7414241B9C5600E45E95 /* SwiftUIViewLayoutUITests */,
			);
		};
/* End PBXProject section */

/* Begin PBXResourcesBuildPhase section */
		23EB73F2241B9C3B00E45E95 /* Resources */ = {
			isa = PBXResourcesBuildPhase;
			buildActionMask = 2147483647;
			files = (
				23EB7404241B9C5600E45E95 /* LaunchScreen.storyboard in Resources */,
				23EB7401241B9C5600E45E95 /* Preview Assets.xcassets in Resources */,
				23EB73FE241B9C5600E45E95 /* Assets.xcassets in Resources */,
			);
			runOnlyForDeploymentPostprocessing = 0;
		};
		23EB7408241B9C5600E45E95 /* Resources */ = {
			isa = PBXResourcesBuildPhase;
			buildActionMask = 2147483647;
			files = (
			);
			runOnlyForDeploymentPostprocessing = 0;
		};
		23EB7413241B9C5600E45E95 /* Resources */ = {
			isa = PBXResourcesBuildPhase;
			buildActionMask = 2147483647;
			files = (
			);
			runOnlyForDeploymentPostprocessing = 0;
		};
/* End PBXResourcesBuildPhase section */

/* Begin PBXSourcesBuildPhase section */
		23EB73F0241B9C3B00E45E95 /* Sources */ = {
			isa = PBXSourcesBuildPhase;
			buildActionMask = 2147483647;
			files = (
				23EB73F8241B9C3B00E45E95 /* AppDelegate.swift in Sources */,
				2357BB81241F362D00FB94DF /* ViewsInLoopForEach.swift in Sources */,
				2357BB85241F3FE400FB94DF /* CustomFrame.swift in Sources */,
				2357BB75241F209800FB94DF /* VStackAndHStack.swift in Sources */,
				2357BB83241F3ADA00FB94DF /* CustomObjectViewLoopForEach.swift in Sources */,
				2357BB87241F44C400FB94DF /* GeometryReaderView.swift in Sources */,
				2357BB7F241F340F00FB94DF /* DifferentViewTypes.swift in Sources */,
				2357BB8D241F657500FB94DF /* SecondContentView.swift in Sources */,
				2357BB7B241F2D9800FB94DF /* ZStackView.swift in Sources */,
				2357BB93241F686C00FB94DF /* GridViewTest.swift in Sources */,
				2357BB77241F27F500FB94DF /* AlignmentAndSpacing.swift in Sources */,
				23EB73FA241B9C3B00E45E95 /* SceneDelegate.swift in Sources */,
				23EB73FC241B9C3C00E45E95 /* ContentView.swift in Sources */,
				2357BB91241F67B000FB94DF /* CustomeGridStackView.swift in Sources */,
				2357BB89241F467100FB94DF /* ContentOutsideSafeArea.swift in Sources */,
				2357BB95241F6A2700FB94DF /* HStackScrolling.swift in Sources */,
				2357BB7D241F2FE900FB94DF /* ZStackIndexView.swift in Sources */,
				2357BB8B241F561F00FB94DF /* VStackScrolling.swift in Sources */,
			);
			runOnlyForDeploymentPostprocessing = 0;
		};
		23EB7406241B9C5600E45E95 /* Sources */ = {
			isa = PBXSourcesBuildPhase;
			buildActionMask = 2147483647;
			files = (
				23EB740F241B9C5600E45E95 /* SwiftUIViewLayoutTests.swift in Sources */,
			);
			runOnlyForDeploymentPostprocessing = 0;
		};
		23EB7411241B9C5600E45E95 /* Sources */ = {
			isa = PBXSourcesBuildPhase;
			buildActionMask = 2147483647;
			files = (
				23EB741A241B9C5600E45E95 /* SwiftUIViewLayoutUITests.swift in Sources */,
			);
			runOnlyForDeploymentPostprocessing = 0;
		};
/* End PBXSourcesBuildPhase section */

/* Begin PBXTargetDependency section */
		23EB740C241B9C5600E45E95 /* PBXTargetDependency */ = {
			isa = PBXTargetDependency;
			target = 23EB73F3241B9C3B00E45E95 /* SwiftUIViewLayout */;
			targetProxy = 23EB740B241B9C5600E45E95 /* PBXContainerItemProxy */;
		};
		23EB7417241B9C5600E45E95 /* PBXTargetDependency */ = {
			isa = PBXTargetDependency;
			target = 23EB73F3241B9C3B00E45E95 /* SwiftUIViewLayout */;
			targetProxy = 23EB7416241B9C5600E45E95 /* PBXContainerItemProxy */;
		};
/* End PBXTargetDependency section */

/* Begin PBXVariantGroup section */
		23EB7402241B9C5600E45E95 /* LaunchScreen.storyboard */ = {
			isa = PBXVariantGroup;
			children = (
				23EB7403241B9C5600E45E95 /* Base */,
			);
			name = LaunchScreen.storyboard;
			sourceTree = "<group>";
		};
/* End PBXVariantGroup section */

/* Begin XCBuildConfiguration section */
		23EB741C241B9C5600E45E95 /* Debug */ = {
			isa = XCBuildConfiguration;
			buildSettings = {
				ALWAYS_SEARCH_USER_PATHS = NO;
				CLANG_ANALYZER_NONNULL = YES;
				CLANG_ANALYZER_NUMBER_OBJECT_CONVERSION = YES_AGGRESSIVE;
				CLANG_CXX_LANGUAGE_STANDARD = "gnu++14";
				CLANG_CXX_LIBRARY = "libc++";
				CLANG_ENABLE_MODULES = YES;
				CLANG_ENABLE_OBJC_ARC = YES;
				CLANG_ENABLE_OBJC_WEAK = YES;
				CLANG_WARN_BLOCK_CAPTURE_AUTORELEASING = YES;
				CLANG_WARN_BOOL_CONVERSION = YES;
				CLANG_WARN_COMMA = YES;
				CLANG_WARN_CONSTANT_CONVERSION = YES;
				CLANG_WARN_DEPRECATED_OBJC_IMPLEMENTATIONS = YES;
				CLANG_WARN_DIRECT_OBJC_ISA_USAGE = YES_ERROR;
				CLANG_WARN_DOCUMENTATION_COMMENTS = YES;
				CLANG_WARN_EMPTY_BODY = YES;
				CLANG_WARN_ENUM_CONVERSION = YES;
				CLANG_WARN_INFINITE_RECURSION = YES;
				CLANG_WARN_INT_CONVERSION = YES;
				CLANG_WARN_NON_LITERAL_NULL_CONVERSION = YES;
				CLANG_WARN_OBJC_IMPLICIT_RETAIN_SELF = YES;
				CLANG_WARN_OBJC_LITERAL_CONVERSION = YES;
				CLANG_WARN_OBJC_ROOT_CLASS = YES_ERROR;
				CLANG_WARN_RANGE_LOOP_ANALYSIS = YES;
				CLANG_WARN_STRICT_PROTOTYPES = YES;
				CLANG_WARN_SUSPICIOUS_MOVE = YES;
				CLANG_WARN_UNGUARDED_AVAILABILITY = YES_AGGRESSIVE;
				CLANG_WARN_UNREACHABLE_CODE = YES;
				CLANG_WARN__DUPLICATE_METHOD_MATCH = YES;
				COPY_PHASE_STRIP = NO;
				DEBUG_INFORMATION_FORMAT = dwarf;
				ENABLE_STRICT_OBJC_MSGSEND = YES;
				ENABLE_TESTABILITY = YES;
				GCC_C_LANGUAGE_STANDARD = gnu11;
				GCC_DYNAMIC_NO_PIC = NO;
				GCC_NO_COMMON_BLOCKS = YES;
				GCC_OPTIMIZATION_LEVEL = 0;
				GCC_PREPROCESSOR_DEFINITIONS = (
					"DEBUG=1",
					"$(inherited)",
				);
				GCC_WARN_64_TO_32_BIT_CONVERSION = YES;
				GCC_WARN_ABOUT_RETURN_TYPE = YES_ERROR;
				GCC_WARN_UNDECLARED_SELECTOR = YES;
				GCC_WARN_UNINITIALIZED_AUTOS = YES_AGGRESSIVE;
				GCC_WARN_UNUSED_FUNCTION = YES;
				GCC_WARN_UNUSED_VARIABLE = YES;
				IPHONEOS_DEPLOYMENT_TARGET = 13.0;
				MTL_ENABLE_DEBUG_INFO = INCLUDE_SOURCE;
				MTL_FAST_MATH = YES;
				ONLY_ACTIVE_ARCH = YES;
				SDKROOT = iphoneos;
				SWIFT_ACTIVE_COMPILATION_CONDITIONS = DEBUG;
				SWIFT_OPTIMIZATION_LEVEL = "-Onone";
			};
			name = Debug;
		};
		23EB741D241B9C5600E45E95 /* Release */ = {
			isa = XCBuildConfiguration;
			buildSettings = {
				ALWAYS_SEARCH_USER_PATHS = NO;
				CLANG_ANALYZER_NONNULL = YES;
				CLANG_ANALYZER_NUMBER_OBJECT_CONVERSION = YES_AGGRESSIVE;
				CLANG_CXX_LANGUAGE_STANDARD = "gnu++14";
				CLANG_CXX_LIBRARY = "libc++";
				CLANG_ENABLE_MODULES = YES;
				CLANG_ENABLE_OBJC_ARC = YES;
				CLANG_ENABLE_OBJC_WEAK = YES;
				CLANG_WARN_BLOCK_CAPTURE_AUTORELEASING = YES;
				CLANG_WARN_BOOL_CONVERSION = YES;
				CLANG_WARN_COMMA = YES;
				CLANG_WARN_CONSTANT_CONVERSION = YES;
				CLANG_WARN_DEPRECATED_OBJC_IMPLEMENTATIONS = YES;
				CLANG_WARN_DIRECT_OBJC_ISA_USAGE = YES_ERROR;
				CLANG_WARN_DOCUMENTATION_COMMENTS = YES;
				CLANG_WARN_EMPTY_BODY = YES;
				CLANG_WARN_ENUM_CONVERSION = YES;
				CLANG_WARN_INFINITE_RECURSION = YES;
				CLANG_WARN_INT_CONVERSION = YES;
				CLANG_WARN_NON_LITERAL_NULL_CONVERSION = YES;
				CLANG_WARN_OBJC_IMPLICIT_RETAIN_SELF = YES;
				CLANG_WARN_OBJC_LITERAL_CONVERSION = YES;
				CLANG_WARN_OBJC_ROOT_CLASS = YES_ERROR;
				CLANG_WARN_RANGE_LOOP_ANALYSIS = YES;
				CLANG_WARN_STRICT_PROTOTYPES = YES;
				CLANG_WARN_SUSPICIOUS_MOVE = YES;
				CLANG_WARN_UNGUARDED_AVAILABILITY = YES_AGGRESSIVE;
				CLANG_WARN_UNREACHABLE_CODE = YES;
				CLANG_WARN__DUPLICATE_METHOD_MATCH = YES;
				COPY_PHASE_STRIP = NO;
				DEBUG_INFORMATION_FORMAT = "dwarf-with-dsym";
				ENABLE_NS_ASSERTIONS = NO;
				ENABLE_STRICT_OBJC_MSGSEND = YES;
				GCC_C_LANGUAGE_STANDARD = gnu11;
				GCC_NO_COMMON_BLOCKS = YES;
				GCC_WARN_64_TO_32_BIT_CONVERSION = YES;
				GCC_WARN_ABOUT_RETURN_TYPE = YES_ERROR;
				GCC_WARN_UNDECLARED_SELECTOR = YES;
				GCC_WARN_UNINITIALIZED_AUTOS = YES_AGGRESSIVE;
				GCC_WARN_UNUSED_FUNCTION = YES;
				GCC_WARN_UNUSED_VARIABLE = YES;
				IPHONEOS_DEPLOYMENT_TARGET = 13.0;
				MTL_ENABLE_DEBUG_INFO = NO;
				MTL_FAST_MATH = YES;
				SDKROOT = iphoneos;
				SWIFT_COMPILATION_MODE = wholemodule;
				SWIFT_OPTIMIZATION_LEVEL = "-O";
				VALIDATE_PRODUCT = YES;
			};
			name = Release;
		};
		23EB741F241B9C5600E45E95 /* Debug */ = {
			isa = XCBuildConfiguration;
			buildSettings = {
				ASSETCATALOG_COMPILER_APPICON_NAME = AppIcon;
				CODE_SIGN_STYLE = Automatic;
				DEVELOPMENT_ASSET_PATHS = "\"SwiftUIViewLayout/Preview Content\"";
				ENABLE_PREVIEWS = YES;
				INFOPLIST_FILE = SwiftUIViewLayout/Info.plist;
				LD_RUNPATH_SEARCH_PATHS = (
					"$(inherited)",
					"@executable_path/Frameworks",
				);
				PRODUCT_BUNDLE_IDENTIFIER = "nawsusunyein-gmail.com.SwiftUIViewLayout";
				PRODUCT_NAME = "$(TARGET_NAME)";
				SWIFT_VERSION = 5.0;
				TARGETED_DEVICE_FAMILY = "1,2";
			};
			name = Debug;
		};
		23EB7420241B9C5600E45E95 /* Release */ = {
			isa = XCBuildConfiguration;
			buildSettings = {
				ASSETCATALOG_COMPILER_APPICON_NAME = AppIcon;
				CODE_SIGN_STYLE = Automatic;
				DEVELOPMENT_ASSET_PATHS = "\"SwiftUIViewLayout/Preview Content\"";
				ENABLE_PREVIEWS = YES;
				INFOPLIST_FILE = SwiftUIViewLayout/Info.plist;
				LD_RUNPATH_SEARCH_PATHS = (
					"$(inherited)",
					"@executable_path/Frameworks",
				);
				PRODUCT_BUNDLE_IDENTIFIER = "nawsusunyein-gmail.com.SwiftUIViewLayout";
				PRODUCT_NAME = "$(TARGET_NAME)";
				SWIFT_VERSION = 5.0;
				TARGETED_DEVICE_FAMILY = "1,2";
			};
			name = Release;
		};
		23EB7422241B9C5600E45E95 /* Debug */ = {
			isa = XCBuildConfiguration;
			buildSettings = {
				ALWAYS_EMBED_SWIFT_STANDARD_LIBRARIES = YES;
				BUNDLE_LOADER = "$(TEST_HOST)";
				CODE_SIGN_STYLE = Automatic;
				INFOPLIST_FILE = SwiftUIViewLayoutTests/Info.plist;
				IPHONEOS_DEPLOYMENT_TARGET = 13.0;
				LD_RUNPATH_SEARCH_PATHS = (
					"$(inherited)",
					"@executable_path/Frameworks",
					"@loader_path/Frameworks",
				);
				PRODUCT_BUNDLE_IDENTIFIER = "nawsusunyein-gmail.com.SwiftUIViewLayoutTests";
				PRODUCT_NAME = "$(TARGET_NAME)";
				SWIFT_VERSION = 5.0;
				TARGETED_DEVICE_FAMILY = "1,2";
				TEST_HOST = "$(BUILT_PRODUCTS_DIR)/SwiftUIViewLayout.app/SwiftUIViewLayout";
			};
			name = Debug;
		};
		23EB7423241B9C5600E45E95 /* Release */ = {
			isa = XCBuildConfiguration;
			buildSettings = {
				ALWAYS_EMBED_SWIFT_STANDARD_LIBRARIES = YES;
				BUNDLE_LOADER = "$(TEST_HOST)";
				CODE_SIGN_STYLE = Automatic;
				INFOPLIST_FILE = SwiftUIViewLayoutTests/Info.plist;
				IPHONEOS_DEPLOYMENT_TARGET = 13.0;
				LD_RUNPATH_SEARCH_PATHS = (
					"$(inherited)",
					"@executable_path/Frameworks",
					"@loader_path/Frameworks",
				);
				PRODUCT_BUNDLE_IDENTIFIER = "nawsusunyein-gmail.com.SwiftUIViewLayoutTests";
				PRODUCT_NAME = "$(TARGET_NAME)";
				SWIFT_VERSION = 5.0;
				TARGETED_DEVICE_FAMILY = "1,2";
				TEST_HOST = "$(BUILT_PRODUCTS_DIR)/SwiftUIViewLayout.app/SwiftUIViewLayout";
			};
			name = Release;
		};
		23EB7425241B9C5600E45E95 /* Debug */ = {
			isa = XCBuildConfiguration;
			buildSettings = {
				ALWAYS_EMBED_SWIFT_STANDARD_LIBRARIES = YES;
				CODE_SIGN_STYLE = Automatic;
				INFOPLIST_FILE = SwiftUIViewLayoutUITests/Info.plist;
				LD_RUNPATH_SEARCH_PATHS = (
					"$(inherited)",
					"@executable_path/Frameworks",
					"@loader_path/Frameworks",
				);
				PRODUCT_BUNDLE_IDENTIFIER = "nawsusunyein-gmail.com.SwiftUIViewLayoutUITests";
				PRODUCT_NAME = "$(TARGET_NAME)";
				SWIFT_VERSION = 5.0;
				TARGETED_DEVICE_FAMILY = "1,2";
				TEST_TARGET_NAME = SwiftUIViewLayout;
			};
			name = Debug;
		};
		23EB7426241B9C5600E45E95 /* Release */ = {
			isa = XCBuildConfiguration;
			buildSettings = {
				ALWAYS_EMBED_SWIFT_STANDARD_LIBRARIES = YES;
				CODE_SIGN_STYLE = Automatic;
				INFOPLIST_FILE = SwiftUIViewLayoutUITests/Info.plist;
				LD_RUNPATH_SEARCH_PATHS = (
					"$(inherited)",
					"@executable_path/Frameworks",
					"@loader_path/Frameworks",
				);
				PRODUCT_BUNDLE_IDENTIFIER = "nawsusunyein-gmail.com.SwiftUIViewLayoutUITests";
				PRODUCT_NAME = "$(TARGET_NAME)";
				SWIFT_VERSION = 5.0;
				TARGETED_DEVICE_FAMILY = "1,2";
				TEST_TARGET_NAME = SwiftUIViewLayout;
			};
			name = Release;
		};
/* End XCBuildConfiguration section */

/* Begin XCConfigurationList section */
		23EB73EF241B9C3B00E45E95 /* Build configuration list for PBXProject "SwiftUIViewLayout" */ = {
			isa = XCConfigurationList;
			buildConfigurations = (
				23EB741C241B9C5600E45E95 /* Debug */,
				23EB741D241B9C5600E45E95 /* Release */,
			);
			defaultConfigurationIsVisible = 0;
			defaultConfigurationName = Release;
		};
		23EB741E241B9C5600E45E95 /* Build configuration list for PBXNativeTarget "SwiftUIViewLayout" */ = {
			isa = XCConfigurationList;
			buildConfigurations = (
				23EB741F241B9C5600E45E95 /* Debug */,
				23EB7420241B9C5600E45E95 /* Release */,
			);
			defaultConfigurationIsVisible = 0;
			defaultConfigurationName = Release;
		};
		23EB7421241B9C5600E45E95 /* Build configuration list for PBXNativeTarget "SwiftUIViewLayoutTests" */ = {
			isa = XCConfigurationList;
			buildConfigurations = (
				23EB7422241B9C5600E45E95 /* Debug */,
				23EB7423241B9C5600E45E95 /* Release */,
			);
			defaultConfigurationIsVisible = 0;
			defaultConfigurationName = Release;
		};
		23EB7424241B9C5600E45E95 /* Build configuration list for PBXNativeTarget "SwiftUIViewLayoutUITests" */ = {
			isa = XCConfigurationList;
			buildConfigurations = (
				23EB7425241B9C5600E45E95 /* Debug */,
				23EB7426241B9C5600E45E95 /* Release */,
			);
			defaultConfigurationIsVisible = 0;
			defaultConfigurationName = Release;
		};
/* End XCConfigurationList section */
	};
	rootObject = 23EB73EC241B9C3B00E45E95 /* Project object */;
}
